
Microsoft Visual Studio Solution File, Format Version 12.00
# Visual Studio Version 17
VisualStudioVersion = 17.0.32112.339
MinimumVisualStudioVersion = 10.0.40219.1
Project("{FAE04EC0-301F-11D3-BF4B-00C04F79EFBC}") = "Vehicles", "Vehicles2\Vehicles.csproj", "{96C5600C-2027-4317-8B5B-DC1356E7E245}"
	ProjectSection(ProjectDependencies) = postProject
		{DE4B7C0D-42F7-420C-AC5F-769357B595FB} = {DE4B7C0D-42F7-420C-AC5F-769357B595FB}
		{74A91147-DB3A-412B-A1FB-A9DA1510724D} = {74A91147-DB3A-412B-A1FB-A9DA1510724D}
		{E41E9B64-386E-44DF-9EE7-A946FF6DAE8C} = {E41E9B64-386E-44DF-9EE7-A946FF6DAE8C}
		{647BCFD5-7C7E-4C7A-AF30-823BEFE1E374} = {647BCFD5-7C7E-4C7A-AF30-823BEFE1E374}
	EndProjectSection
EndProject
Project("{FAE04EC0-301F-11D3-BF4B-00C04F79EFBC}") = "Vehicles.Model", "Vehicles2.Model\Vehicles.Model.csproj", "{647BCFD5-7C7E-4C7A-AF30-823BEFE1E374}"
EndProject
Project("{FAE04EC0-301F-11D3-BF4B-00C04F79EFBC}") = "Vehicles.Model.Common", "Vehicels2.Model.Common\Vehicles.Model.Common.csproj", "{3AB7E678-1525-4D56-AE9F-DFB01A9D419F}"
EndProject
Project("{FAE04EC0-301F-11D3-BF4B-00C04F79EFBC}") = "Vehicles.Service.Common", "Vehicles2.Service.Common\Vehicles.Service.Common.csproj", "{3989236E-78E3-466B-BA28-B8249EA39EF8}"
EndProject
Project("{FAE04EC0-301F-11D3-BF4B-00C04F79EFBC}") = "Vehicles.Service", "Vehicles2.Service\Vehicles.Service.csproj", "{E41E9B64-386E-44DF-9EE7-A946FF6DAE8C}"
EndProject
Project("{FAE04EC0-301F-11D3-BF4B-00C04F79EFBC}") = "Vehicles.Repository.Common", "Vehicles2.Repository.Common\Vehicles.Repository.Common.csproj", "{DE4B7C0D-42F7-420C-AC5F-769357B595FB}"
EndProject
Project("{FAE04EC0-301F-11D3-BF4B-00C04F79EFBC}") = "Vehicles.Repository", "Vehicles2.Repository\Vehicles.Repository.csproj", "{74A91147-DB3A-412B-A1FB-A9DA1510724D}"
EndProject
Project("{FAE04EC0-301F-11D3-BF4B-00C04F79EFBC}") = "Vehicles.Common", "Vehicles2.Common\Vehicles.Common.csproj", "{F15934F5-63C4-40CE-9FF6-2D7743B5216C}"
EndProject
Global
	GlobalSection(SolutionConfigurationPlatforms) = preSolution
		Debug|Any CPU = Debug|Any CPU
		Release|Any CPU = Release|Any CPU
	EndGlobalSection
	GlobalSection(ProjectConfigurationPlatforms) = postSolution
		{96C5600C-2027-4317-8B5B-DC1356E7E245}.Debug|Any CPU.ActiveCfg = Debug|Any CPU
		{96C5600C-2027-4317-8B5B-DC1356E7E245}.Debug|Any CPU.Build.0 = Debug|Any CPU
		{96C5600C-2027-4317-8B5B-DC1356E7E245}.Release|Any CPU.ActiveCfg = Release|Any CPU
		{96C5600C-2027-4317-8B5B-DC1356E7E245}.Release|Any CPU.Build.0 = Release|Any CPU
		{647BCFD5-7C7E-4C7A-AF30-823BEFE1E374}.Debug|Any CPU.ActiveCfg = Debug|Any CPU
		{647BCFD5-7C7E-4C7A-AF30-823BEFE1E374}.Debug|Any CPU.Build.0 = Debug|Any CPU
		{647BCFD5-7C7E-4C7A-AF30-823BEFE1E374}.Release|Any CPU.ActiveCfg = Release|Any CPU
		{647BCFD5-7C7E-4C7A-AF30-823BEFE1E374}.Release|Any CPU.Build.0 = Release|Any CPU
		{3AB7E678-1525-4D56-AE9F-DFB01A9D419F}.Debug|Any CPU.ActiveCfg = Debug|Any CPU
		{3AB7E678-1525-4D56-AE9F-DFB01A9D419F}.Debug|Any CPU.Build.0 = Debug|Any CPU
		{3AB7E678-1525-4D56-AE9F-DFB01A9D419F}.Release|Any CPU.ActiveCfg = Release|Any CPU
		{3AB7E678-1525-4D56-AE9F-DFB01A9D419F}.Release|Any CPU.Build.0 = Release|Any CPU
		{3989236E-78E3-466B-BA28-B8249EA39EF8}.Debug|Any CPU.ActiveCfg = Debug|Any CPU
		{3989236E-78E3-466B-BA28-B8249EA39EF8}.Debug|Any CPU.Build.0 = Debug|Any CPU
		{3989236E-78E3-466B-BA28-B8249EA39EF8}.Release|Any CPU.ActiveCfg = Release|Any CPU
		{3989236E-78E3-466B-BA28-B8249EA39EF8}.Release|Any CPU.Build.0 = Release|Any CPU
		{E41E9B64-386E-44DF-9EE7-A946FF6DAE8C}.Debug|Any CPU.ActiveCfg = Debug|Any CPU
		{E41E9B64-386E-44DF-9EE7-A946FF6DAE8C}.Debug|Any CPU.Build.0 = Debug|Any CPU
		{E41E9B64-386E-44DF-9EE7-A946FF6DAE8C}.Release|Any CPU.ActiveCfg = Release|Any CPU
		{E41E9B64-386E-44DF-9EE7-A946FF6DAE8C}.Release|Any CPU.Build.0 = Release|Any CPU
		{DE4B7C0D-42F7-420C-AC5F-769357B595FB}.Debug|Any CPU.ActiveCfg = Debug|Any CPU
		{DE4B7C0D-42F7-420C-AC5F-769357B595FB}.Debug|Any CPU.Build.0 = Debug|Any CPU
		{DE4B7C0D-42F7-420C-AC5F-769357B595FB}.Release|Any CPU.ActiveCfg = Release|Any CPU
		{DE4B7C0D-42F7-420C-AC5F-769357B595FB}.Release|Any CPU.Build.0 = Release|Any CPU
		{74A91147-DB3A-412B-A1FB-A9DA1510724D}.Debug|Any CPU.ActiveCfg = Debug|Any CPU
		{74A91147-DB3A-412B-A1FB-A9DA1510724D}.Debug|Any CPU.Build.0 = Debug|Any CPU
		{74A91147-DB3A-412B-A1FB-A9DA1510724D}.Release|Any CPU.ActiveCfg = Release|Any CPU
		{74A91147-DB3A-412B-A1FB-A9DA1510724D}.Release|Any CPU.Build.0 = Release|Any CPU
		{F15934F5-63C4-40CE-9FF6-2D7743B5216C}.Debug|Any CPU.ActiveCfg = Debug|Any CPU
		{F15934F5-63C4-40CE-9FF6-2D7743B5216C}.Debug|Any CPU.Build.0 = Debug|Any CPU
		{F15934F5-63C4-40CE-9FF6-2D7743B5216C}.Release|Any CPU.ActiveCfg = Release|Any CPU
		{F15934F5-63C4-40CE-9FF6-2D7743B5216C}.Release|Any CPU.Build.0 = Release|Any CPU
	EndGlobalSection
	GlobalSection(SolutionProperties) = preSolution
		HideSolutionNode = FALSE
	EndGlobalSection
	GlobalSection(ExtensibilityGlobals) = postSolution
		SolutionGuid = {564AAF06-9D89-4B5A-AE2C-CFA90DF74611}
	EndGlobalSection
EndGlobal
